// !$*UTF8*$!
{
	archiveVersion = 1;
	classes = {
	};
	objectVersion = 56;
	objects = {

/* Begin PBXBuildFile section */
		07FA5DA829F2481D00101BE6 /* recipe_managerApp.swift in Sources */ = {isa = PBXBuildFile; fileRef = 07FA5DA729F2481D00101BE6 /* recipe_managerApp.swift */; };
		07FA5DAA29F2481D00101BE6 /* ContentView.swift in Sources */ = {isa = PBXBuildFile; fileRef = 07FA5DA929F2481D00101BE6 /* ContentView.swift */; };
		07FA5DAC29F2481E00101BE6 /* Assets.xcassets in Resources */ = {isa = PBXBuildFile; fileRef = 07FA5DAB29F2481E00101BE6 /* Assets.xcassets */; };
		07FA5DAF29F2481E00101BE6 /* Preview Assets.xcassets in Resources */ = {isa = PBXBuildFile; fileRef = 07FA5DAE29F2481E00101BE6 /* Preview Assets.xcassets */; };
		07FA5DB129F2481E00101BE6 /* Persistence.swift in Sources */ = {isa = PBXBuildFile; fileRef = 07FA5DB029F2481E00101BE6 /* Persistence.swift */; };
		07FA5DB429F2481E00101BE6 /* recipe_manager.xcdatamodeld in Sources */ = {isa = PBXBuildFile; fileRef = 07FA5DB229F2481E00101BE6 /* recipe_manager.xcdatamodeld */; };
		07FA5DBB29F2485200101BE6 /* RecipeListView.swift in Sources */ = {isa = PBXBuildFile; fileRef = 07FA5DBA29F2485200101BE6 /* RecipeListView.swift */; };
		07FA5DBD29F2491800101BE6 /* RecipeDetailedView.swift in Sources */ = {isa = PBXBuildFile; fileRef = 07FA5DBC29F2491800101BE6 /* RecipeDetailedView.swift */; };
		07FA5DBF29F2542C00101BE6 /* ShoppingList.swift in Sources */ = {isa = PBXBuildFile; fileRef = 07FA5DBE29F2542C00101BE6 /* ShoppingList.swift */; };
		07FA5DC129F25B0100101BE6 /* AddRecipe.swift in Sources */ = {isa = PBXBuildFile; fileRef = 07FA5DC029F25B0100101BE6 /* AddRecipe.swift */; };
		07FA5DC329F3293A00101BE6 /* MapView.swift in Sources */ = {isa = PBXBuildFile; fileRef = 07FA5DC229F3293A00101BE6 /* MapView.swift */; };
/* End PBXBuildFile section */

/* Begin PBXFileReference section */
		07FA5DA429F2481D00101BE6 /* recipe-manager.app */ = {isa = PBXFileReference; explicitFileType = wrapper.application; includeInIndex = 0; path = "recipe-manager.app"; sourceTree = BUILT_PRODUCTS_DIR; };
		07FA5DA729F2481D00101BE6 /* recipe_managerApp.swift */ = {isa = PBXFileReference; lastKnownFileType = sourcecode.swift; path = recipe_managerApp.swift; sourceTree = "<group>"; };
		07FA5DA929F2481D00101BE6 /* ContentView.swift */ = {isa = PBXFileReference; lastKnownFileType = sourcecode.swift; path = ContentView.swift; sourceTree = "<group>"; };
		07FA5DAB29F2481E00101BE6 /* Assets.xcassets */ = {isa = PBXFileReference; lastKnownFileType = folder.assetcatalog; path = Assets.xcassets; sourceTree = "<group>"; };
		07FA5DAE29F2481E00101BE6 /* Preview Assets.xcassets */ = {isa = PBXFileReference; lastKnownFileType = folder.assetcatalog; path = "Preview Assets.xcassets"; sourceTree = "<group>"; };
		07FA5DB029F2481E00101BE6 /* Persistence.swift */ = {isa = PBXFileReference; lastKnownFileType = sourcecode.swift; path = Persistence.swift; sourceTree = "<group>"; };
		07FA5DB329F2481E00101BE6 /* recipe_manager.xcdatamodel */ = {isa = PBXFileReference; lastKnownFileType = wrapper.xcdatamodel; path = recipe_manager.xcdatamodel; sourceTree = "<group>"; };
		07FA5DBA29F2485200101BE6 /* RecipeListView.swift */ = {isa = PBXFileReference; lastKnownFileType = sourcecode.swift; path = RecipeListView.swift; sourceTree = "<group>"; };
		07FA5DBC29F2491800101BE6 /* RecipeDetailedView.swift */ = {isa = PBXFileReference; lastKnownFileType = sourcecode.swift; path = RecipeDetailedView.swift; sourceTree = "<group>"; };
		07FA5DBE29F2542C00101BE6 /* ShoppingList.swift */ = {isa = PBXFileReference; lastKnownFileType = sourcecode.swift; path = ShoppingList.swift; sourceTree = "<group>"; };
		07FA5DC029F25B0100101BE6 /* AddRecipe.swift */ = {isa = PBXFileReference; lastKnownFileType = sourcecode.swift; path = AddRecipe.swift; sourceTree = "<group>"; };
		07FA5DC229F3293A00101BE6 /* MapView.swift */ = {isa = PBXFileReference; lastKnownFileType = sourcecode.swift; path = MapView.swift; sourceTree = "<group>"; };
/* End PBXFileReference section */

/* Begin PBXFrameworksBuildPhase section */
		07FA5DA129F2481D00101BE6 /* Frameworks */ = {
			isa = PBXFrameworksBuildPhase;
			buildActionMask = 2147483647;
			files = (
			);
			runOnlyForDeploymentPostprocessing = 0;
		};
/* End PBXFrameworksBuildPhase section */

/* Begin PBXGroup section */
		07FA5D9B29F2481D00101BE6 = {
			isa = PBXGroup;
			children = (
				07FA5DA629F2481D00101BE6 /* recipe-manager */,
				07FA5DA529F2481D00101BE6 /* Products */,
			);
			sourceTree = "<group>";
		};
		07FA5DA529F2481D00101BE6 /* Products */ = {
			isa = PBXGroup;
			children = (
				07FA5DA429F2481D00101BE6 /* recipe-manager.app */,
			);
			name = Products;
			sourceTree = "<group>";
		};
		07FA5DA629F2481D00101BE6 /* recipe-manager */ = {
			isa = PBXGroup;
			children = (
				07FA5DA729F2481D00101BE6 /* recipe_managerApp.swift */,
				07FA5DA929F2481D00101BE6 /* ContentView.swift */,
				07FA5DBA29F2485200101BE6 /* RecipeListView.swift */,
				07FA5DBC29F2491800101BE6 /* RecipeDetailedView.swift */,
				07FA5DC029F25B0100101BE6 /* AddRecipe.swift */,
				07FA5DBE29F2542C00101BE6 /* ShoppingList.swift */,
				07FA5DC229F3293A00101BE6 /* MapView.swift */,
				07FA5DAB29F2481E00101BE6 /* Assets.xcassets */,
				07FA5DB029F2481E00101BE6 /* Persistence.swift */,
				07FA5DB229F2481E00101BE6 /* recipe_manager.xcdatamodeld */,
				07FA5DAD29F2481E00101BE6 /* Preview Content */,
			);
			path = "recipe-manager";
			sourceTree = "<group>";
		};
		07FA5DAD29F2481E00101BE6 /* Preview Content */ = {
			isa = PBXGroup;
			children = (
				07FA5DAE29F2481E00101BE6 /* Preview Assets.xcassets */,
			);
			path = "Preview Content";
			sourceTree = "<group>";
		};
/* End PBXGroup section */

/* Begin PBXNativeTarget section */
		07FA5DA329F2481D00101BE6 /* recipe-manager */ = {
			isa = PBXNativeTarget;
			buildConfigurationList = 07FA5DB729F2481E00101BE6 /* Build configuration list for PBXNativeTarget "recipe-manager" */;
			buildPhases = (
				07FA5DA029F2481D00101BE6 /* Sources */,
				07FA5DA129F2481D00101BE6 /* Frameworks */,
				07FA5DA229F2481D00101BE6 /* Resources */,
			);
			buildRules = (
			);
			dependencies = (
			);
			name = "recipe-manager";
			productName = "recipe-manager";
			productReference = 07FA5DA429F2481D00101BE6 /* recipe-manager.app */;
			productType = "com.apple.product-type.application";
		};
/* End PBXNativeTarget section */

/* Begin PBXProject section */
		07FA5D9C29F2481D00101BE6 /* Project object */ = {
			isa = PBXProject;
			attributes = {
				BuildIndependentTargetsInParallel = 1;
				LastSwiftUpdateCheck = 1430;
				LastUpgradeCheck = 1430;
				TargetAttributes = {
					07FA5DA329F2481D00101BE6 = {
						CreatedOnToolsVersion = 14.3;
					};
				};
			};
			buildConfigurationList = 07FA5D9F29F2481D00101BE6 /* Build configuration list for PBXProject "recipe-manager" */;
			compatibilityVersion = "Xcode 14.0";
			developmentRegion = en;
			hasScannedForEncodings = 0;
			knownRegions = (
				en,
				Base,
			);
			mainGroup = 07FA5D9B29F2481D00101BE6;
			productRefGroup = 07FA5DA529F2481D00101BE6 /* Products */;
			projectDirPath = "";
			projectRoot = "";
			targets = (
				07FA5DA329F2481D00101BE6 /* recipe-manager */,
			);
		};
/* End PBXProject section */

/* Begin PBXResourcesBuildPhase section */
		07FA5DA229F2481D00101BE6 /* Resources */ = {
			isa = PBXResourcesBuildPhase;
			buildActionMask = 2147483647;
			files = (
				07FA5DAF29F2481E00101BE6 /* Preview Assets.xcassets in Resources */,
				07FA5DAC29F2481E00101BE6 /* Assets.xcassets in Resources */,
			);
			runOnlyForDeploymentPostprocessing = 0;
		};
/* End PBXResourcesBuildPhase section */

/* Begin PBXSourcesBuildPhase section */
		07FA5DA029F2481D00101BE6 /* Sources */ = {
			isa = PBXSourcesBuildPhase;
			buildActionMask = 2147483647;
			files = (
				07FA5DB129F2481E00101BE6 /* Persistence.swift in Sources */,
				07FA5DB429F2481E00101BE6 /* recipe_manager.xcdatamodeld in Sources */,
				07FA5DBF29F2542C00101BE6 /* ShoppingList.swift in Sources */,
				07FA5DC129F25B0100101BE6 /* AddRecipe.swift in Sources */,
				07FA5DBD29F2491800101BE6 /* RecipeDetailedView.swift in Sources */,
				07FA5DBB29F2485200101BE6 /* RecipeListView.swift in Sources */,
				07FA5DAA29F2481D00101BE6 /* ContentView.swift in Sources */,
				07FA5DC329F3293A00101BE6 /* MapView.swift in Sources */,
				07FA5DA829F2481D00101BE6 /* recipe_managerApp.swift in Sources */,
			);
			runOnlyForDeploymentPostprocessing = 0;
		};
/* End PBXSourcesBuildPhase section */

/* Begin XCBuildConfiguration section */
		07FA5DB529F2481E00101BE6 /* Debug */ = {
			isa = XCBuildConfiguration;
			buildSettings = {
				ALWAYS_SEARCH_USER_PATHS = NO;
				CLANG_ANALYZER_NONNULL = YES;
				CLANG_ANALYZER_NUMBER_OBJECT_CONVERSION = YES_AGGRESSIVE;
				CLANG_CXX_LANGUAGE_STANDARD = "gnu++20";
				CLANG_ENABLE_MODULES = YES;
				CLANG_ENABLE_OBJC_ARC = YES;
				CLANG_ENABLE_OBJC_WEAK = YES;
				CLANG_WARN_BLOCK_CAPTURE_AUTORELEASING = YES;
				CLANG_WARN_BOOL_CONVERSION = YES;
				CLANG_WARN_COMMA = YES;
				CLANG_WARN_CONSTANT_CONVERSION = YES;
				CLANG_WARN_DEPRECATED_OBJC_IMPLEMENTATIONS = YES;
				CLANG_WARN_DIRECT_OBJC_ISA_USAGE = YES_ERROR;
				CLANG_WARN_DOCUMENTATION_COMMENTS = YES;
				CLANG_WARN_EMPTY_BODY = YES;
				CLANG_WARN_ENUM_CONVERSION = YES;
				CLANG_WARN_INFINITE_RECURSION = YES;
				CLANG_WARN_INT_CONVERSION = YES;
				CLANG_WARN_NON_LITERAL_NULL_CONVERSION = YES;
				CLANG_WARN_OBJC_IMPLICIT_RETAIN_SELF = YES;
				CLANG_WARN_OBJC_LITERAL_CONVERSION = YES;
				CLANG_WARN_OBJC_ROOT_CLASS = YES_ERROR;
				CLANG_WARN_QUOTED_INCLUDE_IN_FRAMEWORK_HEADER = YES;
				CLANG_WARN_RANGE_LOOP_ANALYSIS = YES;
				CLANG_WARN_STRICT_PROTOTYPES = YES;
				CLANG_WARN_SUSPICIOUS_MOVE = YES;
				CLANG_WARN_UNGUARDED_AVAILABILITY = YES_AGGRESSIVE;
				CLANG_WARN_UNREACHABLE_CODE = YES;
				CLANG_WARN__DUPLICATE_METHOD_MATCH = YES;
				COPY_PHASE_STRIP = NO;
				DEBUG_INFORMATION_FORMAT = dwarf;
				ENABLE_STRICT_OBJC_MSGSEND = YES;
				ENABLE_TESTABILITY = YES;
				GCC_C_LANGUAGE_STANDARD = gnu11;
				GCC_DYNAMIC_NO_PIC = NO;
				GCC_NO_COMMON_BLOCKS = YES;
				GCC_OPTIMIZATION_LEVEL = 0;
				GCC_PREPROCESSOR_DEFINITIONS = (
					"DEBUG=1",
					"$(inherited)",
				);
				GCC_WARN_64_TO_32_BIT_CONVERSION = YES;
				GCC_WARN_ABOUT_RETURN_TYPE = YES_ERROR;
				GCC_WARN_UNDECLARED_SELECTOR = YES;
				GCC_WARN_UNINITIALIZED_AUTOS = YES_AGGRESSIVE;
				GCC_WARN_UNUSED_FUNCTION = YES;
				GCC_WARN_UNUSED_VARIABLE = YES;
				IPHONEOS_DEPLOYMENT_TARGET = 16.4;
				MTL_ENABLE_DEBUG_INFO = INCLUDE_SOURCE;
				MTL_FAST_MATH = YES;
				ONLY_ACTIVE_ARCH = YES;
				SDKROOT = iphoneos;
				SWIFT_ACTIVE_COMPILATION_CONDITIONS = DEBUG;
				SWIFT_OPTIMIZATION_LEVEL = "-Onone";
			};
			name = Debug;
		};
		07FA5DB629F2481E00101BE6 /* Release */ = {
			isa = XCBuildConfiguration;
			buildSettings = {
				ALWAYS_SEARCH_USER_PATHS = NO;
				CLANG_ANALYZER_NONNULL = YES;
				CLANG_ANALYZER_NUMBER_OBJECT_CONVERSION = YES_AGGRESSIVE;
				CLANG_CXX_LANGUAGE_STANDARD = "gnu++20";
				CLANG_ENABLE_MODULES = YES;
				CLANG_ENABLE_OBJC_ARC = YES;
				CLANG_ENABLE_OBJC_WEAK = YES;
				CLANG_WARN_BLOCK_CAPTURE_AUTORELEASING = YES;
				CLANG_WARN_BOOL_CONVERSION = YES;
				CLANG_WARN_COMMA = YES;
				CLANG_WARN_CONSTANT_CONVERSION = YES;
				CLANG_WARN_DEPRECATED_OBJC_IMPLEMENTATIONS = YES;
				CLANG_WARN_DIRECT_OBJC_ISA_USAGE = YES_ERROR;
				CLANG_WARN_DOCUMENTATION_COMMENTS = YES;
				CLANG_WARN_EMPTY_BODY = YES;
				CLANG_WARN_ENUM_CONVERSION = YES;
				CLANG_WARN_INFINITE_RECURSION = YES;
				CLANG_WARN_INT_CONVERSION = YES;
				CLANG_WARN_NON_LITERAL_NULL_CONVERSION = YES;
				CLANG_WARN_OBJC_IMPLICIT_RETAIN_SELF = YES;
				CLANG_WARN_OBJC_LITERAL_CONVERSION = YES;
				CLANG_WARN_OBJC_ROOT_CLASS = YES_ERROR;
				CLANG_WARN_QUOTED_INCLUDE_IN_FRAMEWORK_HEADER = YES;
				CLANG_WARN_RANGE_LOOP_ANALYSIS = YES;
				CLANG_WARN_STRICT_PROTOTYPES = YES;
				CLANG_WARN_SUSPICIOUS_MOVE = YES;
				CLANG_WARN_UNGUARDED_AVAILABILITY = YES_AGGRESSIVE;
				CLANG_WARN_UNREACHABLE_CODE = YES;
				CLANG_WARN__DUPLICATE_METHOD_MATCH = YES;
				COPY_PHASE_STRIP = NO;
				DEBUG_INFORMATION_FORMAT = "dwarf-with-dsym";
				ENABLE_NS_ASSERTIONS = NO;
				ENABLE_STRICT_OBJC_MSGSEND = YES;
				GCC_C_LANGUAGE_STANDARD = gnu11;
				GCC_NO_COMMON_BLOCKS = YES;
				GCC_WARN_64_TO_32_BIT_CONVERSION = YES;
				GCC_WARN_ABOUT_RETURN_TYPE = YES_ERROR;
				GCC_WARN_UNDECLARED_SELECTOR = YES;
				GCC_WARN_UNINITIALIZED_AUTOS = YES_AGGRESSIVE;
				GCC_WARN_UNUSED_FUNCTION = YES;
				GCC_WARN_UNUSED_VARIABLE = YES;
				IPHONEOS_DEPLOYMENT_TARGET = 16.4;
				MTL_ENABLE_DEBUG_INFO = NO;
				MTL_FAST_MATH = YES;
				SDKROOT = iphoneos;
				SWIFT_COMPILATION_MODE = wholemodule;
				SWIFT_OPTIMIZATION_LEVEL = "-O";
				VALIDATE_PRODUCT = YES;
			};
			name = Release;
		};
		07FA5DB829F2481E00101BE6 /* Debug */ = {
			isa = XCBuildConfiguration;
			buildSettings = {
				ASSETCATALOG_COMPILER_APPICON_NAME = AppIcon;
				ASSETCATALOG_COMPILER_GLOBAL_ACCENT_COLOR_NAME = AccentColor;
				CODE_SIGN_STYLE = Automatic;
				CURRENT_PROJECT_VERSION = 1;
				DEVELOPMENT_ASSET_PATHS = "\"recipe-manager/Preview Content\"";
				DEVELOPMENT_TEAM = 849YLDH625;
				ENABLE_PREVIEWS = YES;
				GENERATE_INFOPLIST_FILE = YES;
				INFOPLIST_KEY_CFBundleDisplayName = "Recipe Manager";
				INFOPLIST_KEY_LSApplicationCategoryType = "public.app-category.food-and-drink";
				INFOPLIST_KEY_NSLocationWhenInUseUsageDescription = "Recipe Manager requires your location to find nearby grocery stores.";
				INFOPLIST_KEY_UIApplicationSceneManifest_Generation = YES;
				INFOPLIST_KEY_UIApplicationSupportsIndirectInputEvents = YES;
				INFOPLIST_KEY_UILaunchScreen_Generation = YES;
				INFOPLIST_KEY_UISupportedInterfaceOrientations = "UIInterfaceOrientationLandscapeLeft UIInterfaceOrientationLandscapeRight UIInterfaceOrientationPortrait";
				INFOPLIST_KEY_UISupportedInterfaceOrientations_iPad = "UIInterfaceOrientationLandscapeLeft UIInterfaceOrientationLandscapeRight UIInterfaceOrientationPortrait UIInterfaceOrientationPortraitUpsideDown";
				LD_RUNPATH_SEARCH_PATHS = (
					"$(inherited)",
					"@executable_path/Frameworks",
				);
				MARKETING_VERSION = 1.1;
				PRODUCT_BUNDLE_IDENTIFIER = "spabolu2.recipe-manager";
				PRODUCT_NAME = "$(TARGET_NAME)";
				SWIFT_EMIT_LOC_STRINGS = YES;
				SWIFT_VERSION = 5.0;
				TARGETED_DEVICE_FAMILY = "1,2";
			};
			name = Debug;
		};
		07FA5DB929F2481E00101BE6 /* Release */ = {
			isa = XCBuildConfiguration;
			buildSettings = {
				ASSETCATALOG_COMPILER_APPICON_NAME = AppIcon;
				ASSETCATALOG_COMPILER_GLOBAL_ACCENT_COLOR_NAME = AccentColor;
				CODE_SIGN_STYLE = Automatic;
				CURRENT_PROJECT_VERSION = 1;
				DEVELOPMENT_ASSET_PATHS = "\"recipe-manager/Preview Content\"";
				DEVELOPMENT_TEAM = 849YLDH625;
				ENABLE_PREVIEWS = YES;
				GENERATE_INFOPLIST_FILE = YES;
				INFOPLIST_KEY_CFBundleDisplayName = "Recipe Manager";
				INFOPLIST_KEY_LSApplicationCategoryType = "public.app-category.food-and-drink";
				INFOPLIST_KEY_NSLocationWhenInUseUsageDescription = "Recipe Manager requires your location to find nearby grocery stores.";
				INFOPLIST_KEY_UIApplicationSceneManifest_Generation = YES;
				INFOPLIST_KEY_UIApplicationSupportsIndirectInputEvents = YES;
				INFOPLIST_KEY_UILaunchScreen_Generation = YES;
				INFOPLIST_KEY_UISupportedInterfaceOrientations = "UIInterfaceOrientationLandscapeLeft UIInterfaceOrientationLandscapeRight UIInterfaceOrientationPortrait";
				INFOPLIST_KEY_UISupportedInterfaceOrientations_iPad = "UIInterfaceOrientationLandscapeLeft UIInterfaceOrientationLandscapeRight UIInterfaceOrientationPortrait UIInterfaceOrientationPortraitUpsideDown";
				LD_RUNPATH_SEARCH_PATHS = (
					"$(inherited)",
					"@executable_path/Frameworks",
				);
				MARKETING_VERSION = 1.1;
				PRODUCT_BUNDLE_IDENTIFIER = "spabolu2.recipe-manager";
				PRODUCT_NAME = "$(TARGET_NAME)";
				SWIFT_EMIT_LOC_STRINGS = YES;
				SWIFT_VERSION = 5.0;
				TARGETED_DEVICE_FAMILY = "1,2";
			};
			name = Release;
		};
/* End XCBuildConfiguration section */

/* Begin XCConfigurationList section */
		07FA5D9F29F2481D00101BE6 /* Build configuration list for PBXProject "recipe-manager" */ = {
			isa = XCConfigurationList;
			buildConfigurations = (
				07FA5DB529F2481E00101BE6 /* Debug */,
				07FA5DB629F2481E00101BE6 /* Release */,
			);
			defaultConfigurationIsVisible = 0;
			defaultConfigurationName = Release;
		};
		07FA5DB729F2481E00101BE6 /* Build configuration list for PBXNativeTarget "recipe-manager" */ = {
			isa = XCConfigurationList;
			buildConfigurations = (
				07FA5DB829F2481E00101BE6 /* Debug */,
				07FA5DB929F2481E00101BE6 /* Release */,
			);
			defaultConfigurationIsVisible = 0;
			defaultConfigurationName = Release;
		};
/* End XCConfigurationList section */

/* Begin XCVersionGroup section */
		07FA5DB229F2481E00101BE6 /* recipe_manager.xcdatamodeld */ = {
			isa = XCVersionGroup;
			children = (
				07FA5DB329F2481E00101BE6 /* recipe_manager.xcdatamodel */,
			);
			currentVersion = 07FA5DB329F2481E00101BE6 /* recipe_manager.xcdatamodel */;
			path = recipe_manager.xcdatamodeld;
			sourceTree = "<group>";
			versionGroupType = wrapper.xcdatamodel;
		};
/* End XCVersionGroup section */
	};
	rootObject = 07FA5D9C29F2481D00101BE6 /* Project object */;
}
